
Microsoft Visual Studio Solution File, Format Version 12.00
# Visual Studio 14
VisualStudioVersion = 14.0.25123.0
MinimumVisualStudioVersion = 10.0.40219.1
Project("{A0687B69-034B-40A3-AEF9-277BA4C69731}") = "Sitecore.Support.96369", "Sitecore.Support.96369\Sitecore.Support.96369.csproj", "{903462F3-7310-47A2-900D-545DCF1D85E5}"
EndProject
Global
	GlobalSection(SolutionConfigurationPlatforms) = preSolution
		Debug|Any CPU = Debug|Any CPU
		Release|Any CPU = Release|Any CPU
	EndGlobalSection
	GlobalSection(ProjectConfigurationPlatforms) = postSolution
		{903462F3-7310-47A2-900D-545DCF1D85E5}.Debug|Any CPU.ActiveCfg = Debug|Any CPU
		{903462F3-7310-47A2-900D-545DCF1D85E5}.Debug|Any CPU.Build.0 = Debug|Any CPU
		{903462F3-7310-47A2-900D-545DCF1D85E5}.Release|Any CPU.ActiveCfg = Release|Any CPU
		{903462F3-7310-47A2-900D-545DCF1D85E5}.Release|Any CPU.Build.0 = Release|Any CPU
	EndGlobalSection
	GlobalSection(SolutionProperties) = preSolution
		HideSolutionNode = FALSE
	EndGlobalSection
EndGlobal
